// !$*UTF8*$!
{
	archiveVersion = 1;
	classes = {
	};
	objectVersion = 50;
	objects = {

/* Begin PBXBuildFile section */
		604AEB2526AF895800213B07 /* AppDelegate.swift in Sources */ = {isa = PBXBuildFile; fileRef = 604AEB2426AF895800213B07 /* AppDelegate.swift */; };
		604AEB2726AF895800213B07 /* SceneDelegate.swift in Sources */ = {isa = PBXBuildFile; fileRef = 604AEB2626AF895800213B07 /* SceneDelegate.swift */; };
		604AEB2C26AF895800213B07 /* Main.storyboard in Resources */ = {isa = PBXBuildFile; fileRef = 604AEB2A26AF895800213B07 /* Main.storyboard */; };
		604AEB2E26AF895900213B07 /* Assets.xcassets in Resources */ = {isa = PBXBuildFile; fileRef = 604AEB2D26AF895900213B07 /* Assets.xcassets */; };
		604AEB3126AF895900213B07 /* LaunchScreen.storyboard in Resources */ = {isa = PBXBuildFile; fileRef = 604AEB2F26AF895900213B07 /* LaunchScreen.storyboard */; };
		604AEB3D26AF8C7A00213B07 /* OnboardingViewController.swift in Sources */ = {isa = PBXBuildFile; fileRef = 604AEB3C26AF8C7A00213B07 /* OnboardingViewController.swift */; };
/* End PBXBuildFile section */

/* Begin PBXFileReference section */
		604AEB2126AF895800213B07 /* OrderEats.app */ = {isa = PBXFileReference; explicitFileType = wrapper.application; includeInIndex = 0; path = OrderEats.app; sourceTree = BUILT_PRODUCTS_DIR; };
		604AEB2426AF895800213B07 /* AppDelegate.swift */ = {isa = PBXFileReference; lastKnownFileType = sourcecode.swift; path = AppDelegate.swift; sourceTree = "<group>"; };
		604AEB2626AF895800213B07 /* SceneDelegate.swift */ = {isa = PBXFileReference; lastKnownFileType = sourcecode.swift; path = SceneDelegate.swift; sourceTree = "<group>"; };
		604AEB2B26AF895800213B07 /* Base */ = {isa = PBXFileReference; lastKnownFileType = file.storyboard; name = Base; path = Base.lproj/Main.storyboard; sourceTree = "<group>"; };
		604AEB2D26AF895900213B07 /* Assets.xcassets */ = {isa = PBXFileReference; lastKnownFileType = folder.assetcatalog; path = Assets.xcassets; sourceTree = "<group>"; };
		604AEB3026AF895900213B07 /* Base */ = {isa = PBXFileReference; lastKnownFileType = file.storyboard; name = Base; path = Base.lproj/LaunchScreen.storyboard; sourceTree = "<group>"; };
		604AEB3226AF895900213B07 /* Info.plist */ = {isa = PBXFileReference; lastKnownFileType = text.plist.xml; path = Info.plist; sourceTree = "<group>"; };
		604AEB3C26AF8C7A00213B07 /* OnboardingViewController.swift */ = {isa = PBXFileReference; lastKnownFileType = sourcecode.swift; path = OnboardingViewController.swift; sourceTree = "<group>"; };
/* End PBXFileReference section */

/* Begin PBXFrameworksBuildPhase section */
		604AEB1E26AF895800213B07 /* Frameworks */ = {
			isa = PBXFrameworksBuildPhase;
			buildActionMask = 2147483647;
			files = (
			);
			runOnlyForDeploymentPostprocessing = 0;
		};
/* End PBXFrameworksBuildPhase section */

/* Begin PBXGroup section */
		604AEB1826AF895800213B07 = {
			isa = PBXGroup;
			children = (
				604AEB2326AF895800213B07 /* OrderEats */,
				604AEB2226AF895800213B07 /* Products */,
			);
			sourceTree = "<group>";
		};
		604AEB2226AF895800213B07 /* Products */ = {
			isa = PBXGroup;
			children = (
				604AEB2126AF895800213B07 /* OrderEats.app */,
			);
			name = Products;
			sourceTree = "<group>";
		};
		604AEB2326AF895800213B07 /* OrderEats */ = {
			isa = PBXGroup;
			children = (
				604AEB3A26AF8C4E00213B07 /* CustomViews */,
				604AEB3926AF8C4600213B07 /* Views */,
				604AEB3826AF8C3D00213B07 /* Models */,
				604AEB2426AF895800213B07 /* AppDelegate.swift */,
				604AEB2626AF895800213B07 /* SceneDelegate.swift */,
				604AEB2A26AF895800213B07 /* Main.storyboard */,
				604AEB2D26AF895900213B07 /* Assets.xcassets */,
				604AEB2F26AF895900213B07 /* LaunchScreen.storyboard */,
				604AEB3226AF895900213B07 /* Info.plist */,
			);
			path = OrderEats;
			sourceTree = "<group>";
		};
		604AEB3826AF8C3D00213B07 /* Models */ = {
			isa = PBXGroup;
			children = (
			);
			path = Models;
			sourceTree = "<group>";
		};
		604AEB3926AF8C4600213B07 /* Views */ = {
			isa = PBXGroup;
			children = (
				604AEB3B26AF8C5B00213B07 /* Onboarding */,
			);
			path = Views;
			sourceTree = "<group>";
		};
		604AEB3A26AF8C4E00213B07 /* CustomViews */ = {
			isa = PBXGroup;
			children = (
			);
			path = CustomViews;
			sourceTree = "<group>";
		};
		604AEB3B26AF8C5B00213B07 /* Onboarding */ = {
			isa = PBXGroup;
			children = (
				604AEB3C26AF8C7A00213B07 /* OnboardingViewController.swift */,
			);
			path = Onboarding;
			sourceTree = "<group>";
		};
/* End PBXGroup section */

/* Begin PBXNativeTarget section */
		604AEB2026AF895800213B07 /* OrderEats */ = {
			isa = PBXNativeTarget;
			buildConfigurationList = 604AEB3526AF895900213B07 /* Build configuration list for PBXNativeTarget "OrderEats" */;
			buildPhases = (
				604AEB1D26AF895800213B07 /* Sources */,
				604AEB1E26AF895800213B07 /* Frameworks */,
				604AEB1F26AF895800213B07 /* Resources */,
			);
			buildRules = (
			);
			dependencies = (
			);
			name = OrderEats;
			productName = OrderEats;
			productReference = 604AEB2126AF895800213B07 /* OrderEats.app */;
			productType = "com.apple.product-type.application";
		};
/* End PBXNativeTarget section */

/* Begin PBXProject section */
		604AEB1926AF895800213B07 /* Project object */ = {
			isa = PBXProject;
			attributes = {
				LastSwiftUpdateCheck = 1250;
				LastUpgradeCheck = 1250;
				TargetAttributes = {
					604AEB2026AF895800213B07 = {
						CreatedOnToolsVersion = 12.5.1;
					};
				};
			};
			buildConfigurationList = 604AEB1C26AF895800213B07 /* Build configuration list for PBXProject "OrderEats" */;
			compatibilityVersion = "Xcode 9.3";
			developmentRegion = en;
			hasScannedForEncodings = 0;
			knownRegions = (
				en,
				Base,
			);
			mainGroup = 604AEB1826AF895800213B07;
			productRefGroup = 604AEB2226AF895800213B07 /* Products */;
			projectDirPath = "";
			projectRoot = "";
			targets = (
				604AEB2026AF895800213B07 /* OrderEats */,
			);
		};
/* End PBXProject section */

/* Begin PBXResourcesBuildPhase section */
		604AEB1F26AF895800213B07 /* Resources */ = {
			isa = PBXResourcesBuildPhase;
			buildActionMask = 2147483647;
			files = (
				604AEB3126AF895900213B07 /* LaunchScreen.storyboard in Resources */,
				604AEB2E26AF895900213B07 /* Assets.xcassets in Resources */,
				604AEB2C26AF895800213B07 /* Main.storyboard in Resources */,
			);
			runOnlyForDeploymentPostprocessing = 0;
		};
/* End PBXResourcesBuildPhase section */

/* Begin PBXSourcesBuildPhase section */
		604AEB1D26AF895800213B07 /* Sources */ = {
			isa = PBXSourcesBuildPhase;
			buildActionMask = 2147483647;
			files = (
				604AEB2526AF895800213B07 /* AppDelegate.swift in Sources */,
				604AEB2726AF895800213B07 /* SceneDelegate.swift in Sources */,
				604AEB3D26AF8C7A00213B07 /* OnboardingViewController.swift in Sources */,
			);
			runOnlyForDeploymentPostprocessing = 0;
		};
/* End PBXSourcesBuildPhase section */

/* Begin PBXVariantGroup section */
		604AEB2A26AF895800213B07 /* Main.storyboard */ = {
			isa = PBXVariantGroup;
			children = (
				604AEB2B26AF895800213B07 /* Base */,
			);
			name = Main.storyboard;
			sourceTree = "<group>";
		};
		604AEB2F26AF895900213B07 /* LaunchScreen.storyboard */ = {
			isa = PBXVariantGroup;
			children = (
				604AEB3026AF895900213B07 /* Base */,
			);
			name = LaunchScreen.storyboard;
			sourceTree = "<group>";
		};
/* End PBXVariantGroup section */

/* Begin XCBuildConfiguration section */
		604AEB3326AF895900213B07 /* Debug */ = {
			isa = XCBuildConfiguration;
			buildSettings = {
				ALWAYS_SEARCH_USER_PATHS = NO;
				CLANG_ANALYZER_NONNULL = YES;
				CLANG_ANALYZER_NUMBER_OBJECT_CONVERSION = YES_AGGRESSIVE;
				CLANG_CXX_LANGUAGE_STANDARD = "gnu++14";
				CLANG_CXX_LIBRARY = "libc++";
				CLANG_ENABLE_MODULES = YES;
				CLANG_ENABLE_OBJC_ARC = YES;
				CLANG_ENABLE_OBJC_WEAK = YES;
				CLANG_WARN_BLOCK_CAPTURE_AUTORELEASING = YES;
				CLANG_WARN_BOOL_CONVERSION = YES;
				CLANG_WARN_COMMA = YES;
				CLANG_WARN_CONSTANT_CONVERSION = YES;
				CLANG_WARN_DEPRECATED_OBJC_IMPLEMENTATIONS = YES;
				CLANG_WARN_DIRECT_OBJC_ISA_USAGE = YES_ERROR;
				CLANG_WARN_DOCUMENTATION_COMMENTS = YES;
				CLANG_WARN_EMPTY_BODY = YES;
				CLANG_WARN_ENUM_CONVERSION = YES;
				CLANG_WARN_INFINITE_RECURSION = YES;
				CLANG_WARN_INT_CONVERSION = YES;
				CLANG_WARN_NON_LITERAL_NULL_CONVERSION = YES;
				CLANG_WARN_OBJC_IMPLICIT_RETAIN_SELF = YES;
				CLANG_WARN_OBJC_LITERAL_CONVERSION = YES;
				CLANG_WARN_OBJC_ROOT_CLASS = YES_ERROR;
				CLANG_WARN_QUOTED_INCLUDE_IN_FRAMEWORK_HEADER = YES;
				CLANG_WARN_RANGE_LOOP_ANALYSIS = YES;
				CLANG_WARN_STRICT_PROTOTYPES = YES;
				CLANG_WARN_SUSPICIOUS_MOVE = YES;
				CLANG_WARN_UNGUARDED_AVAILABILITY = YES_AGGRESSIVE;
				CLANG_WARN_UNREACHABLE_CODE = YES;
				CLANG_WARN__DUPLICATE_METHOD_MATCH = YES;
				COPY_PHASE_STRIP = NO;
				DEBUG_INFORMATION_FORMAT = dwarf;
				ENABLE_STRICT_OBJC_MSGSEND = YES;
				ENABLE_TESTABILITY = YES;
				GCC_C_LANGUAGE_STANDARD = gnu11;
				GCC_DYNAMIC_NO_PIC = NO;
				GCC_NO_COMMON_BLOCKS = YES;
				GCC_OPTIMIZATION_LEVEL = 0;
				GCC_PREPROCESSOR_DEFINITIONS = (
					"DEBUG=1",
					"$(inherited)",
				);
				GCC_WARN_64_TO_32_BIT_CONVERSION = YES;
				GCC_WARN_ABOUT_RETURN_TYPE = YES_ERROR;
				GCC_WARN_UNDECLARED_SELECTOR = YES;
				GCC_WARN_UNINITIALIZED_AUTOS = YES_AGGRESSIVE;
				GCC_WARN_UNUSED_FUNCTION = YES;
				GCC_WARN_UNUSED_VARIABLE = YES;
				IPHONEOS_DEPLOYMENT_TARGET = 14.5;
				MTL_ENABLE_DEBUG_INFO = INCLUDE_SOURCE;
				MTL_FAST_MATH = YES;
				ONLY_ACTIVE_ARCH = YES;
				SDKROOT = iphoneos;
				SWIFT_ACTIVE_COMPILATION_CONDITIONS = DEBUG;
				SWIFT_OPTIMIZATION_LEVEL = "-Onone";
			};
			name = Debug;
		};
		604AEB3426AF895900213B07 /* Release */ = {
			isa = XCBuildConfiguration;
			buildSettings = {
				ALWAYS_SEARCH_USER_PATHS = NO;
				CLANG_ANALYZER_NONNULL = YES;
				CLANG_ANALYZER_NUMBER_OBJECT_CONVERSION = YES_AGGRESSIVE;
				CLANG_CXX_LANGUAGE_STANDARD = "gnu++14";
				CLANG_CXX_LIBRARY = "libc++";
				CLANG_ENABLE_MODULES = YES;
				CLANG_ENABLE_OBJC_ARC = YES;
				CLANG_ENABLE_OBJC_WEAK = YES;
				CLANG_WARN_BLOCK_CAPTURE_AUTORELEASING = YES;
				CLANG_WARN_BOOL_CONVERSION = YES;
				CLANG_WARN_COMMA = YES;
				CLANG_WARN_CONSTANT_CONVERSION = YES;
				CLANG_WARN_DEPRECATED_OBJC_IMPLEMENTATIONS = YES;
				CLANG_WARN_DIRECT_OBJC_ISA_USAGE = YES_ERROR;
				CLANG_WARN_DOCUMENTATION_COMMENTS = YES;
				CLANG_WARN_EMPTY_BODY = YES;
				CLANG_WARN_ENUM_CONVERSION = YES;
				CLANG_WARN_INFINITE_RECURSION = YES;
				CLANG_WARN_INT_CONVERSION = YES;
				CLANG_WARN_NON_LITERAL_NULL_CONVERSION = YES;
				CLANG_WARN_OBJC_IMPLICIT_RETAIN_SELF = YES;
				CLANG_WARN_OBJC_LITERAL_CONVERSION = YES;
				CLANG_WARN_OBJC_ROOT_CLASS = YES_ERROR;
				CLANG_WARN_QUOTED_INCLUDE_IN_FRAMEWORK_HEADER = YES;
				CLANG_WARN_RANGE_LOOP_ANALYSIS = YES;
				CLANG_WARN_STRICT_PROTOTYPES = YES;
				CLANG_WARN_SUSPICIOUS_MOVE = YES;
				CLANG_WARN_UNGUARDED_AVAILABILITY = YES_AGGRESSIVE;
				CLANG_WARN_UNREACHABLE_CODE = YES;
				CLANG_WARN__DUPLICATE_METHOD_MATCH = YES;
				COPY_PHASE_STRIP = NO;
				DEBUG_INFORMATION_FORMAT = "dwarf-with-dsym";
				ENABLE_NS_ASSERTIONS = NO;
				ENABLE_STRICT_OBJC_MSGSEND = YES;
				GCC_C_LANGUAGE_STANDARD = gnu11;
				GCC_NO_COMMON_BLOCKS = YES;
				GCC_WARN_64_TO_32_BIT_CONVERSION = YES;
				GCC_WARN_ABOUT_RETURN_TYPE = YES_ERROR;
				GCC_WARN_UNDECLARED_SELECTOR = YES;
				GCC_WARN_UNINITIALIZED_AUTOS = YES_AGGRESSIVE;
				GCC_WARN_UNUSED_FUNCTION = YES;
				GCC_WARN_UNUSED_VARIABLE = YES;
				IPHONEOS_DEPLOYMENT_TARGET = 14.5;
				MTL_ENABLE_DEBUG_INFO = NO;
				MTL_FAST_MATH = YES;
				SDKROOT = iphoneos;
				SWIFT_COMPILATION_MODE = wholemodule;
				SWIFT_OPTIMIZATION_LEVEL = "-O";
				VALIDATE_PRODUCT = YES;
			};
			name = Release;
		};
		604AEB3626AF895900213B07 /* Debug */ = {
			isa = XCBuildConfiguration;
			buildSettings = {
				ASSETCATALOG_COMPILER_APPICON_NAME = AppIcon;
				ASSETCATALOG_COMPILER_GLOBAL_ACCENT_COLOR_NAME = AccentColor;
				CODE_SIGN_STYLE = Automatic;
				DEVELOPMENT_TEAM = N4CRXDCNQC;
				INFOPLIST_FILE = OrderEats/Info.plist;
				IPHONEOS_DEPLOYMENT_TARGET = 14.1;
				LD_RUNPATH_SEARCH_PATHS = (
					"$(inherited)",
					"@executable_path/Frameworks",
				);
				PRODUCT_BUNDLE_IDENTIFIER = com.devsolutions.marcoart.OrderEats;
				PRODUCT_NAME = "$(TARGET_NAME)";
				SWIFT_VERSION = 5.0;
				TARGETED_DEVICE_FAMILY = "1,2";
			};
			name = Debug;
		};
		604AEB3726AF895900213B07 /* Release */ = {
			isa = XCBuildConfiguration;
			buildSettings = {
				ASSETCATALOG_COMPILER_APPICON_NAME = AppIcon;
				ASSETCATALOG_COMPILER_GLOBAL_ACCENT_COLOR_NAME = AccentColor;
				CODE_SIGN_STYLE = Automatic;
				DEVELOPMENT_TEAM = N4CRXDCNQC;
				INFOPLIST_FILE = OrderEats/Info.plist;
				IPHONEOS_DEPLOYMENT_TARGET = 14.1;
				LD_RUNPATH_SEARCH_PATHS = (
					"$(inherited)",
					"@executable_path/Frameworks",
				);
				PRODUCT_BUNDLE_IDENTIFIER = com.devsolutions.marcoart.OrderEats;
				PRODUCT_NAME = "$(TARGET_NAME)";
				SWIFT_VERSION = 5.0;
				TARGETED_DEVICE_FAMILY = "1,2";
			};
			name = Release;
		};
/* End XCBuildConfiguration section */

/* Begin XCConfigurationList section */
		604AEB1C26AF895800213B07 /* Build configuration list for PBXProject "OrderEats" */ = {
			isa = XCConfigurationList;
			buildConfigurations = (
				604AEB3326AF895900213B07 /* Debug */,
				604AEB3426AF895900213B07 /* Release */,
			);
			defaultConfigurationIsVisible = 0;
			defaultConfigurationName = Release;
		};
		604AEB3526AF895900213B07 /* Build configuration list for PBXNativeTarget "OrderEats" */ = {
			isa = XCConfigurationList;
			buildConfigurations = (
				604AEB3626AF895900213B07 /* Debug */,
				604AEB3726AF895900213B07 /* Release */,
			);
			defaultConfigurationIsVisible = 0;
			defaultConfigurationName = Release;
		};
/* End XCConfigurationList section */
	};
	rootObject = 604AEB1926AF895800213B07 /* Project object */;
}
